// !$*UTF8*$!
{
	archiveVersion = 1;
	classes = {
	};
	objectVersion = 55;
	objects = {

/* Begin PBXBuildFile section */
		E2260E012842A91400F3EEFF /* Payment.swift in Sources */ = {isa = PBXBuildFile; fileRef = E2260E002842A91400F3EEFF /* Payment.swift */; };
		E2260E032842B54E00F3EEFF /* PaymentEditVC.swift in Sources */ = {isa = PBXBuildFile; fileRef = E2260E022842B54E00F3EEFF /* PaymentEditVC.swift */; };
		E298F0CB28426ACB00022382 /* Activity.swift in Sources */ = {isa = PBXBuildFile; fileRef = E298F0CA28426ACB00022382 /* Activity.swift */; };
		E298F0CD2842A1B400022382 /* PaymentListVC.swift in Sources */ = {isa = PBXBuildFile; fileRef = E298F0CC2842A1B400022382 /* PaymentListVC.swift */; };
		E298F0D02842A42200022382 /* Realm in Frameworks */ = {isa = PBXBuildFile; productRef = E298F0CF2842A42200022382 /* Realm */; };
		E298F0D22842A42200022382 /* RealmSwift in Frameworks */ = {isa = PBXBuildFile; productRef = E298F0D12842A42200022382 /* RealmSwift */; };
		E2F987BA28421B0500887732 /* AppDelegate.swift in Sources */ = {isa = PBXBuildFile; fileRef = E2F987B928421B0500887732 /* AppDelegate.swift */; };
		E2F987BC28421B0500887732 /* SceneDelegate.swift in Sources */ = {isa = PBXBuildFile; fileRef = E2F987BB28421B0500887732 /* SceneDelegate.swift */; };
		E2F987C128421B0500887732 /* Main.storyboard in Resources */ = {isa = PBXBuildFile; fileRef = E2F987BF28421B0500887732 /* Main.storyboard */; };
		E2F987C328421B0700887732 /* Assets.xcassets in Resources */ = {isa = PBXBuildFile; fileRef = E2F987C228421B0700887732 /* Assets.xcassets */; };
		E2F987C628421B0700887732 /* LaunchScreen.storyboard in Resources */ = {isa = PBXBuildFile; fileRef = E2F987C428421B0700887732 /* LaunchScreen.storyboard */; };
		E2F987CE28421B6A00887732 /* ActivitiesVC.swift in Sources */ = {isa = PBXBuildFile; fileRef = E2F987CD28421B6A00887732 /* ActivitiesVC.swift */; };
/* End PBXBuildFile section */

/* Begin PBXFileReference section */
		E2260E002842A91400F3EEFF /* Payment.swift */ = {isa = PBXFileReference; lastKnownFileType = sourcecode.swift; path = Payment.swift; sourceTree = "<group>"; };
		E2260E022842B54E00F3EEFF /* PaymentEditVC.swift */ = {isa = PBXFileReference; lastKnownFileType = sourcecode.swift; path = PaymentEditVC.swift; sourceTree = "<group>"; };
		E298F0CA28426ACB00022382 /* Activity.swift */ = {isa = PBXFileReference; lastKnownFileType = sourcecode.swift; path = Activity.swift; sourceTree = "<group>"; };
		E298F0CC2842A1B400022382 /* PaymentListVC.swift */ = {isa = PBXFileReference; lastKnownFileType = sourcecode.swift; path = PaymentListVC.swift; sourceTree = "<group>"; };
		E2F987B628421B0500887732 /* OurMoney-Realm.app */ = {isa = PBXFileReference; explicitFileType = wrapper.application; includeInIndex = 0; path = "OurMoney-Realm.app"; sourceTree = BUILT_PRODUCTS_DIR; };
		E2F987B928421B0500887732 /* AppDelegate.swift */ = {isa = PBXFileReference; lastKnownFileType = sourcecode.swift; path = AppDelegate.swift; sourceTree = "<group>"; };
		E2F987BB28421B0500887732 /* SceneDelegate.swift */ = {isa = PBXFileReference; lastKnownFileType = sourcecode.swift; path = SceneDelegate.swift; sourceTree = "<group>"; };
		E2F987C028421B0500887732 /* Base */ = {isa = PBXFileReference; lastKnownFileType = file.storyboard; name = Base; path = Base.lproj/Main.storyboard; sourceTree = "<group>"; };
		E2F987C228421B0700887732 /* Assets.xcassets */ = {isa = PBXFileReference; lastKnownFileType = folder.assetcatalog; path = Assets.xcassets; sourceTree = "<group>"; };
		E2F987C528421B0700887732 /* Base */ = {isa = PBXFileReference; lastKnownFileType = file.storyboard; name = Base; path = Base.lproj/LaunchScreen.storyboard; sourceTree = "<group>"; };
		E2F987C728421B0700887732 /* Info.plist */ = {isa = PBXFileReference; lastKnownFileType = text.plist.xml; path = Info.plist; sourceTree = "<group>"; };
		E2F987CD28421B6A00887732 /* ActivitiesVC.swift */ = {isa = PBXFileReference; lastKnownFileType = sourcecode.swift; path = ActivitiesVC.swift; sourceTree = "<group>"; };
/* End PBXFileReference section */

/* Begin PBXFrameworksBuildPhase section */
		E2F987B328421B0500887732 /* Frameworks */ = {
			isa = PBXFrameworksBuildPhase;
			buildActionMask = 2147483647;
			files = (
				E298F0D22842A42200022382 /* RealmSwift in Frameworks */,
				E298F0D02842A42200022382 /* Realm in Frameworks */,
			);
			runOnlyForDeploymentPostprocessing = 0;
		};
/* End PBXFrameworksBuildPhase section */

/* Begin PBXGroup section */
		E298F0D32842A61F00022382 /* Controller */ = {
			isa = PBXGroup;
			children = (
				E298F0CC2842A1B400022382 /* PaymentListVC.swift */,
				E2F987CD28421B6A00887732 /* ActivitiesVC.swift */,
				E2260E022842B54E00F3EEFF /* PaymentEditVC.swift */,
			);
			path = Controller;
			sourceTree = "<group>";
		};
		E298F0D42842A62A00022382 /* View */ = {
			isa = PBXGroup;
			children = (
				E2F987BF28421B0500887732 /* Main.storyboard */,
			);
			path = View;
			sourceTree = "<group>";
		};
		E298F0D52842A63400022382 /* Model */ = {
			isa = PBXGroup;
			children = (
				E298F0CA28426ACB00022382 /* Activity.swift */,
				E2260E002842A91400F3EEFF /* Payment.swift */,
			);
			path = Model;
			sourceTree = "<group>";
		};
		E2F987AD28421B0500887732 = {
			isa = PBXGroup;
			children = (
				E2F987B828421B0500887732 /* OurMoney-Realm */,
				E2F987B728421B0500887732 /* Products */,
			);
			sourceTree = "<group>";
		};
		E2F987B728421B0500887732 /* Products */ = {
			isa = PBXGroup;
			children = (
				E2F987B628421B0500887732 /* OurMoney-Realm.app */,
			);
			name = Products;
			sourceTree = "<group>";
		};
		E2F987B828421B0500887732 /* OurMoney-Realm */ = {
			isa = PBXGroup;
			children = (
				E2F987B928421B0500887732 /* AppDelegate.swift */,
				E298F0D52842A63400022382 /* Model */,
				E298F0D42842A62A00022382 /* View */,
				E298F0D32842A61F00022382 /* Controller */,
				E2F987BB28421B0500887732 /* SceneDelegate.swift */,
				E2F987C228421B0700887732 /* Assets.xcassets */,
				E2F987C428421B0700887732 /* LaunchScreen.storyboard */,
				E2F987C728421B0700887732 /* Info.plist */,
			);
			path = "OurMoney-Realm";
			sourceTree = "<group>";
		};
/* End PBXGroup section */

/* Begin PBXNativeTarget section */
		E2F987B528421B0500887732 /* OurMoney-Realm */ = {
			isa = PBXNativeTarget;
			buildConfigurationList = E2F987CA28421B0700887732 /* Build configuration list for PBXNativeTarget "OurMoney-Realm" */;
			buildPhases = (
				E2F987B228421B0500887732 /* Sources */,
				E2F987B328421B0500887732 /* Frameworks */,
				E2F987B428421B0500887732 /* Resources */,
			);
			buildRules = (
			);
			dependencies = (
			);
			name = "OurMoney-Realm";
			packageProductDependencies = (
				E298F0CF2842A42200022382 /* Realm */,
				E298F0D12842A42200022382 /* RealmSwift */,
			);
			productName = "OurMoney-Realm";
			productReference = E2F987B628421B0500887732 /* OurMoney-Realm.app */;
			productType = "com.apple.product-type.application";
		};
/* End PBXNativeTarget section */

/* Begin PBXProject section */
		E2F987AE28421B0500887732 /* Project object */ = {
			isa = PBXProject;
			attributes = {
				BuildIndependentTargetsInParallel = 1;
				LastSwiftUpdateCheck = 1340;
				LastUpgradeCheck = 1340;
				TargetAttributes = {
					E2F987B528421B0500887732 = {
						CreatedOnToolsVersion = 13.4;
					};
				};
			};
			buildConfigurationList = E2F987B128421B0500887732 /* Build configuration list for PBXProject "OurMoney-Realm" */;
			compatibilityVersion = "Xcode 13.0";
			developmentRegion = en;
			hasScannedForEncodings = 0;
			knownRegions = (
				en,
				Base,
			);
			mainGroup = E2F987AD28421B0500887732;
			packageReferences = (
				E298F0CE2842A42200022382 /* XCRemoteSwiftPackageReference "realm-swift" */,
			);
			productRefGroup = E2F987B728421B0500887732 /* Products */;
			projectDirPath = "";
			projectRoot = "";
			targets = (
				E2F987B528421B0500887732 /* OurMoney-Realm */,
			);
		};
/* End PBXProject section */

/* Begin PBXResourcesBuildPhase section */
		E2F987B428421B0500887732 /* Resources */ = {
			isa = PBXResourcesBuildPhase;
			buildActionMask = 2147483647;
			files = (
				E2F987C628421B0700887732 /* LaunchScreen.storyboard in Resources */,
				E2F987C328421B0700887732 /* Assets.xcassets in Resources */,
				E2F987C128421B0500887732 /* Main.storyboard in Resources */,
			);
			runOnlyForDeploymentPostprocessing = 0;
		};
/* End PBXResourcesBuildPhase section */

/* Begin PBXSourcesBuildPhase section */
		E2F987B228421B0500887732 /* Sources */ = {
			isa = PBXSourcesBuildPhase;
			buildActionMask = 2147483647;
			files = (
				E2F987BA28421B0500887732 /* AppDelegate.swift in Sources */,
				E298F0CD2842A1B400022382 /* PaymentListVC.swift in Sources */,
				E2F987BC28421B0500887732 /* SceneDelegate.swift in Sources */,
				E298F0CB28426ACB00022382 /* Activity.swift in Sources */,
				E2260E012842A91400F3EEFF /* Payment.swift in Sources */,
				E2F987CE28421B6A00887732 /* ActivitiesVC.swift in Sources */,
				E2260E032842B54E00F3EEFF /* PaymentEditVC.swift in Sources */,
			);
			runOnlyForDeploymentPostprocessing = 0;
		};
/* End PBXSourcesBuildPhase section */

/* Begin PBXVariantGroup section */
		E2F987BF28421B0500887732 /* Main.storyboard */ = {
			isa = PBXVariantGroup;
			children = (
				E2F987C028421B0500887732 /* Base */,
			);
			name = Main.storyboard;
			sourceTree = "<group>";
		};
		E2F987C428421B0700887732 /* LaunchScreen.storyboard */ = {
			isa = PBXVariantGroup;
			children = (
				E2F987C528421B0700887732 /* Base */,
			);
			name = LaunchScreen.storyboard;
			sourceTree = "<group>";
		};
/* End PBXVariantGroup section */

/* Begin XCBuildConfiguration section */
		E2F987C828421B0700887732 /* Debug */ = {
			isa = XCBuildConfiguration;
			buildSettings = {
				ALWAYS_SEARCH_USER_PATHS = NO;
				CLANG_ANALYZER_NONNULL = YES;
				CLANG_ANALYZER_NUMBER_OBJECT_CONVERSION = YES_AGGRESSIVE;
				CLANG_CXX_LANGUAGE_STANDARD = "gnu++17";
				CLANG_ENABLE_MODULES = YES;
				CLANG_ENABLE_OBJC_ARC = YES;
				CLANG_ENABLE_OBJC_WEAK = YES;
				CLANG_WARN_BLOCK_CAPTURE_AUTORELEASING = YES;
				CLANG_WARN_BOOL_CONVERSION = YES;
				CLANG_WARN_COMMA = YES;
				CLANG_WARN_CONSTANT_CONVERSION = YES;
				CLANG_WARN_DEPRECATED_OBJC_IMPLEMENTATIONS = YES;
				CLANG_WARN_DIRECT_OBJC_ISA_USAGE = YES_ERROR;
				CLANG_WARN_DOCUMENTATION_COMMENTS = YES;
				CLANG_WARN_EMPTY_BODY = YES;
				CLANG_WARN_ENUM_CONVERSION = YES;
				CLANG_WARN_INFINITE_RECURSION = YES;
				CLANG_WARN_INT_CONVERSION = YES;
				CLANG_WARN_NON_LITERAL_NULL_CONVERSION = YES;
				CLANG_WARN_OBJC_IMPLICIT_RETAIN_SELF = YES;
				CLANG_WARN_OBJC_LITERAL_CONVERSION = YES;
				CLANG_WARN_OBJC_ROOT_CLASS = YES_ERROR;
				CLANG_WARN_QUOTED_INCLUDE_IN_FRAMEWORK_HEADER = YES;
				CLANG_WARN_RANGE_LOOP_ANALYSIS = YES;
				CLANG_WARN_STRICT_PROTOTYPES = YES;
				CLANG_WARN_SUSPICIOUS_MOVE = YES;
				CLANG_WARN_UNGUARDED_AVAILABILITY = YES_AGGRESSIVE;
				CLANG_WARN_UNREACHABLE_CODE = YES;
				CLANG_WARN__DUPLICATE_METHOD_MATCH = YES;
				COPY_PHASE_STRIP = NO;
				DEBUG_INFORMATION_FORMAT = dwarf;
				ENABLE_STRICT_OBJC_MSGSEND = YES;
				ENABLE_TESTABILITY = YES;
				GCC_C_LANGUAGE_STANDARD = gnu11;
				GCC_DYNAMIC_NO_PIC = NO;
				GCC_NO_COMMON_BLOCKS = YES;
				GCC_OPTIMIZATION_LEVEL = 0;
				GCC_PREPROCESSOR_DEFINITIONS = (
					"DEBUG=1",
					"$(inherited)",
				);
				GCC_WARN_64_TO_32_BIT_CONVERSION = YES;
				GCC_WARN_ABOUT_RETURN_TYPE = YES_ERROR;
				GCC_WARN_UNDECLARED_SELECTOR = YES;
				GCC_WARN_UNINITIALIZED_AUTOS = YES_AGGRESSIVE;
				GCC_WARN_UNUSED_FUNCTION = YES;
				GCC_WARN_UNUSED_VARIABLE = YES;
				IPHONEOS_DEPLOYMENT_TARGET = 15.5;
				MTL_ENABLE_DEBUG_INFO = INCLUDE_SOURCE;
				MTL_FAST_MATH = YES;
				ONLY_ACTIVE_ARCH = YES;
				SDKROOT = iphoneos;
				SWIFT_ACTIVE_COMPILATION_CONDITIONS = DEBUG;
				SWIFT_OPTIMIZATION_LEVEL = "-Onone";
			};
			name = Debug;
		};
		E2F987C928421B0700887732 /* Release */ = {
			isa = XCBuildConfiguration;
			buildSettings = {
				ALWAYS_SEARCH_USER_PATHS = NO;
				CLANG_ANALYZER_NONNULL = YES;
				CLANG_ANALYZER_NUMBER_OBJECT_CONVERSION = YES_AGGRESSIVE;
				CLANG_CXX_LANGUAGE_STANDARD = "gnu++17";
				CLANG_ENABLE_MODULES = YES;
				CLANG_ENABLE_OBJC_ARC = YES;
				CLANG_ENABLE_OBJC_WEAK = YES;
				CLANG_WARN_BLOCK_CAPTURE_AUTORELEASING = YES;
				CLANG_WARN_BOOL_CONVERSION = YES;
				CLANG_WARN_COMMA = YES;
				CLANG_WARN_CONSTANT_CONVERSION = YES;
				CLANG_WARN_DEPRECATED_OBJC_IMPLEMENTATIONS = YES;
				CLANG_WARN_DIRECT_OBJC_ISA_USAGE = YES_ERROR;
				CLANG_WARN_DOCUMENTATION_COMMENTS = YES;
				CLANG_WARN_EMPTY_BODY = YES;
				CLANG_WARN_ENUM_CONVERSION = YES;
				CLANG_WARN_INFINITE_RECURSION = YES;
				CLANG_WARN_INT_CONVERSION = YES;
				CLANG_WARN_NON_LITERAL_NULL_CONVERSION = YES;
				CLANG_WARN_OBJC_IMPLICIT_RETAIN_SELF = YES;
				CLANG_WARN_OBJC_LITERAL_CONVERSION = YES;
				CLANG_WARN_OBJC_ROOT_CLASS = YES_ERROR;
				CLANG_WARN_QUOTED_INCLUDE_IN_FRAMEWORK_HEADER = YES;
				CLANG_WARN_RANGE_LOOP_ANALYSIS = YES;
				CLANG_WARN_STRICT_PROTOTYPES = YES;
				CLANG_WARN_SUSPICIOUS_MOVE = YES;
				CLANG_WARN_UNGUARDED_AVAILABILITY = YES_AGGRESSIVE;
				CLANG_WARN_UNREACHABLE_CODE = YES;
				CLANG_WARN__DUPLICATE_METHOD_MATCH = YES;
				COPY_PHASE_STRIP = NO;
				DEBUG_INFORMATION_FORMAT = "dwarf-with-dsym";
				ENABLE_NS_ASSERTIONS = NO;
				ENABLE_STRICT_OBJC_MSGSEND = YES;
				GCC_C_LANGUAGE_STANDARD = gnu11;
				GCC_NO_COMMON_BLOCKS = YES;
				GCC_WARN_64_TO_32_BIT_CONVERSION = YES;
				GCC_WARN_ABOUT_RETURN_TYPE = YES_ERROR;
				GCC_WARN_UNDECLARED_SELECTOR = YES;
				GCC_WARN_UNINITIALIZED_AUTOS = YES_AGGRESSIVE;
				GCC_WARN_UNUSED_FUNCTION = YES;
				GCC_WARN_UNUSED_VARIABLE = YES;
				IPHONEOS_DEPLOYMENT_TARGET = 15.5;
				MTL_ENABLE_DEBUG_INFO = NO;
				MTL_FAST_MATH = YES;
				SDKROOT = iphoneos;
				SWIFT_COMPILATION_MODE = wholemodule;
				SWIFT_OPTIMIZATION_LEVEL = "-O";
				VALIDATE_PRODUCT = YES;
			};
			name = Release;
		};
		E2F987CB28421B0700887732 /* Debug */ = {
			isa = XCBuildConfiguration;
			buildSettings = {
				ASSETCATALOG_COMPILER_APPICON_NAME = AppIcon;
				ASSETCATALOG_COMPILER_GLOBAL_ACCENT_COLOR_NAME = AccentColor;
				CODE_SIGN_STYLE = Automatic;
				CURRENT_PROJECT_VERSION = 1;
				DEVELOPMENT_TEAM = "";
				GENERATE_INFOPLIST_FILE = YES;
				INFOPLIST_FILE = "OurMoney-Realm/Info.plist";
				INFOPLIST_KEY_UIApplicationSupportsIndirectInputEvents = YES;
				INFOPLIST_KEY_UILaunchStoryboardName = LaunchScreen;
				INFOPLIST_KEY_UIMainStoryboardFile = Main;
				INFOPLIST_KEY_UISupportedInterfaceOrientations_iPad = "UIInterfaceOrientationPortrait UIInterfaceOrientationPortraitUpsideDown UIInterfaceOrientationLandscapeLeft UIInterfaceOrientationLandscapeRight";
				INFOPLIST_KEY_UISupportedInterfaceOrientations_iPhone = "UIInterfaceOrientationPortrait UIInterfaceOrientationLandscapeLeft UIInterfaceOrientationLandscapeRight";
				LD_RUNPATH_SEARCH_PATHS = (
					"$(inherited)",
					"@executable_path/Frameworks",
				);
				MARKETING_VERSION = 1.0;
				PRODUCT_BUNDLE_IDENTIFIER = "myzk.OurMoney-Realm";
				PRODUCT_NAME = "$(TARGET_NAME)";
				SWIFT_EMIT_LOC_STRINGS = YES;
				SWIFT_VERSION = 5.0;
				TARGETED_DEVICE_FAMILY = "1,2";
			};
			name = Debug;
		};
		E2F987CC28421B0700887732 /* Release */ = {
			isa = XCBuildConfiguration;
			buildSettings = {
				ASSETCATALOG_COMPILER_APPICON_NAME = AppIcon;
				ASSETCATALOG_COMPILER_GLOBAL_ACCENT_COLOR_NAME = AccentColor;
				CODE_SIGN_STYLE = Automatic;
				CURRENT_PROJECT_VERSION = 1;
				DEVELOPMENT_TEAM = "";
				GENERATE_INFOPLIST_FILE = YES;
				INFOPLIST_FILE = "OurMoney-Realm/Info.plist";
				INFOPLIST_KEY_UIApplicationSupportsIndirectInputEvents = YES;
				INFOPLIST_KEY_UILaunchStoryboardName = LaunchScreen;
				INFOPLIST_KEY_UIMainStoryboardFile = Main;
				INFOPLIST_KEY_UISupportedInterfaceOrientations_iPad = "UIInterfaceOrientationPortrait UIInterfaceOrientationPortraitUpsideDown UIInterfaceOrientationLandscapeLeft UIInterfaceOrientationLandscapeRight";
				INFOPLIST_KEY_UISupportedInterfaceOrientations_iPhone = "UIInterfaceOrientationPortrait UIInterfaceOrientationLandscapeLeft UIInterfaceOrientationLandscapeRight";
				LD_RUNPATH_SEARCH_PATHS = (
					"$(inherited)",
					"@executable_path/Frameworks",
				);
				MARKETING_VERSION = 1.0;
				PRODUCT_BUNDLE_IDENTIFIER = "myzk.OurMoney-Realm";
				PRODUCT_NAME = "$(TARGET_NAME)";
				SWIFT_EMIT_LOC_STRINGS = YES;
				SWIFT_VERSION = 5.0;
				TARGETED_DEVICE_FAMILY = "1,2";
			};
			name = Release;
		};
/* End XCBuildConfiguration section */

/* Begin XCConfigurationList section */
		E2F987B128421B0500887732 /* Build configuration list for PBXProject "OurMoney-Realm" */ = {
			isa = XCConfigurationList;
			buildConfigurations = (
				E2F987C828421B0700887732 /* Debug */,
				E2F987C928421B0700887732 /* Release */,
			);
			defaultConfigurationIsVisible = 0;
			defaultConfigurationName = Release;
		};
		E2F987CA28421B0700887732 /* Build configuration list for PBXNativeTarget "OurMoney-Realm" */ = {
			isa = XCConfigurationList;
			buildConfigurations = (
				E2F987CB28421B0700887732 /* Debug */,
				E2F987CC28421B0700887732 /* Release */,
			);
			defaultConfigurationIsVisible = 0;
			defaultConfigurationName = Release;
		};
/* End XCConfigurationList section */

/* Begin XCRemoteSwiftPackageReference section */
		E298F0CE2842A42200022382 /* XCRemoteSwiftPackageReference "realm-swift" */ = {
			isa = XCRemoteSwiftPackageReference;
			repositoryURL = "https://github.com/realm/realm-swift.git";
			requirement = {
				branch = master;
				kind = branch;
			};
		};
/* End XCRemoteSwiftPackageReference section */

/* Begin XCSwiftPackageProductDependency section */
		E298F0CF2842A42200022382 /* Realm */ = {
			isa = XCSwiftPackageProductDependency;
			package = E298F0CE2842A42200022382 /* XCRemoteSwiftPackageReference "realm-swift" */;
			productName = Realm;
		};
		E298F0D12842A42200022382 /* RealmSwift */ = {
			isa = XCSwiftPackageProductDependency;
			package = E298F0CE2842A42200022382 /* XCRemoteSwiftPackageReference "realm-swift" */;
			productName = RealmSwift;
		};
/* End XCSwiftPackageProductDependency section */
	};
	rootObject = E2F987AE28421B0500887732 /* Project object */;
}
